// !$*UTF8*$!
{
	archiveVersion = 1;
	classes = {
	};
	objectVersion = 46;
	objects = {

/* Begin PBXBuildFile section */
		702DE77D1EDA781F002C9F18 /* AppDelegate.swift in Sources */ = {isa = PBXBuildFile; fileRef = 702DE77C1EDA781F002C9F18 /* AppDelegate.swift */; };
		702DE77F1EDA781F002C9F18 /* ViewController.swift in Sources */ = {isa = PBXBuildFile; fileRef = 702DE77E1EDA781F002C9F18 /* ViewController.swift */; };
		702DE7821EDA781F002C9F18 /* Main.storyboard in Resources */ = {isa = PBXBuildFile; fileRef = 702DE7801EDA781F002C9F18 /* Main.storyboard */; };
		702DE7841EDA781F002C9F18 /* Assets.xcassets in Resources */ = {isa = PBXBuildFile; fileRef = 702DE7831EDA781F002C9F18 /* Assets.xcassets */; };
		702DE7871EDA781F002C9F18 /* LaunchScreen.storyboard in Resources */ = {isa = PBXBuildFile; fileRef = 702DE7851EDA781F002C9F18 /* LaunchScreen.storyboard */; };
		702DE7921EDA781F002C9F18 /* _x0_st_UploaderTests.swift in Sources */ = {isa = PBXBuildFile; fileRef = 702DE7911EDA781F002C9F18 /* _x0_st_UploaderTests.swift */; };
		702DE79D1EDA781F002C9F18 /* _x0_st_UploaderUITests.swift in Sources */ = {isa = PBXBuildFile; fileRef = 702DE79C1EDA781F002C9F18 /* _x0_st_UploaderUITests.swift */; };
/* End PBXBuildFile section */

/* Begin PBXContainerItemProxy section */
		702DE78E1EDA781F002C9F18 /* PBXContainerItemProxy */ = {
			isa = PBXContainerItemProxy;
			containerPortal = 702DE7711EDA781F002C9F18 /* Project object */;
			proxyType = 1;
			remoteGlobalIDString = 702DE7781EDA781F002C9F18;
			remoteInfo = "0x0.st Uploader";
		};
		702DE7991EDA781F002C9F18 /* PBXContainerItemProxy */ = {
			isa = PBXContainerItemProxy;
			containerPortal = 702DE7711EDA781F002C9F18 /* Project object */;
			proxyType = 1;
			remoteGlobalIDString = 702DE7781EDA781F002C9F18;
			remoteInfo = "0x0.st Uploader";
		};
/* End PBXContainerItemProxy section */

/* Begin PBXFileReference section */
		702DE7791EDA781F002C9F18 /* 0x0.st Uploader.app */ = {isa = PBXFileReference; explicitFileType = wrapper.application; includeInIndex = 0; path = "0x0.st Uploader.app"; sourceTree = BUILT_PRODUCTS_DIR; };
		702DE77C1EDA781F002C9F18 /* AppDelegate.swift */ = {isa = PBXFileReference; lastKnownFileType = sourcecode.swift; path = AppDelegate.swift; sourceTree = "<group>"; };
		702DE77E1EDA781F002C9F18 /* ViewController.swift */ = {isa = PBXFileReference; lastKnownFileType = sourcecode.swift; path = ViewController.swift; sourceTree = "<group>"; };
		702DE7811EDA781F002C9F18 /* Base */ = {isa = PBXFileReference; lastKnownFileType = file.storyboard; name = Base; path = Base.lproj/Main.storyboard; sourceTree = "<group>"; };
		702DE7831EDA781F002C9F18 /* Assets.xcassets */ = {isa = PBXFileReference; lastKnownFileType = folder.assetcatalog; path = Assets.xcassets; sourceTree = "<group>"; };
		702DE7861EDA781F002C9F18 /* Base */ = {isa = PBXFileReference; lastKnownFileType = file.storyboard; name = Base; path = Base.lproj/LaunchScreen.storyboard; sourceTree = "<group>"; };
		702DE7881EDA781F002C9F18 /* Info.plist */ = {isa = PBXFileReference; lastKnownFileType = text.plist.xml; path = Info.plist; sourceTree = "<group>"; };
		702DE78D1EDA781F002C9F18 /* 0x0.st UploaderTests.xctest */ = {isa = PBXFileReference; explicitFileType = wrapper.cfbundle; includeInIndex = 0; path = "0x0.st UploaderTests.xctest"; sourceTree = BUILT_PRODUCTS_DIR; };
		702DE7911EDA781F002C9F18 /* _x0_st_UploaderTests.swift */ = {isa = PBXFileReference; lastKnownFileType = sourcecode.swift; path = _x0_st_UploaderTests.swift; sourceTree = "<group>"; };
		702DE7931EDA781F002C9F18 /* Info.plist */ = {isa = PBXFileReference; lastKnownFileType = text.plist.xml; path = Info.plist; sourceTree = "<group>"; };
		702DE7981EDA781F002C9F18 /* 0x0.st UploaderUITests.xctest */ = {isa = PBXFileReference; explicitFileType = wrapper.cfbundle; includeInIndex = 0; path = "0x0.st UploaderUITests.xctest"; sourceTree = BUILT_PRODUCTS_DIR; };
		702DE79C1EDA781F002C9F18 /* _x0_st_UploaderUITests.swift */ = {isa = PBXFileReference; lastKnownFileType = sourcecode.swift; path = _x0_st_UploaderUITests.swift; sourceTree = "<group>"; };
		702DE79E1EDA781F002C9F18 /* Info.plist */ = {isa = PBXFileReference; lastKnownFileType = text.plist.xml; path = Info.plist; sourceTree = "<group>"; };
/* End PBXFileReference section */

/* Begin PBXFrameworksBuildPhase section */
		702DE7761EDA781F002C9F18 /* Frameworks */ = {
			isa = PBXFrameworksBuildPhase;
			buildActionMask = 2147483647;
			files = (
			);
			runOnlyForDeploymentPostprocessing = 0;
		};
		702DE78A1EDA781F002C9F18 /* Frameworks */ = {
			isa = PBXFrameworksBuildPhase;
			buildActionMask = 2147483647;
			files = (
			);
			runOnlyForDeploymentPostprocessing = 0;
		};
		702DE7951EDA781F002C9F18 /* Frameworks */ = {
			isa = PBXFrameworksBuildPhase;
			buildActionMask = 2147483647;
			files = (
			);
			runOnlyForDeploymentPostprocessing = 0;
		};
/* End PBXFrameworksBuildPhase section */

/* Begin PBXGroup section */
		702DE7701EDA781F002C9F18 = {
			isa = PBXGroup;
			children = (
				702DE77B1EDA781F002C9F18 /* 0x0.st Uploader */,
				702DE7901EDA781F002C9F18 /* 0x0.st UploaderTests */,
				702DE79B1EDA781F002C9F18 /* 0x0.st UploaderUITests */,
				702DE77A1EDA781F002C9F18 /* Products */,
			);
			sourceTree = "<group>";
		};
		702DE77A1EDA781F002C9F18 /* Products */ = {
			isa = PBXGroup;
			children = (
				702DE7791EDA781F002C9F18 /* 0x0.st Uploader.app */,
				702DE78D1EDA781F002C9F18 /* 0x0.st UploaderTests.xctest */,
				702DE7981EDA781F002C9F18 /* 0x0.st UploaderUITests.xctest */,
			);
			name = Products;
			sourceTree = "<group>";
		};
		702DE77B1EDA781F002C9F18 /* 0x0.st Uploader */ = {
			isa = PBXGroup;
			children = (
				702DE77C1EDA781F002C9F18 /* AppDelegate.swift */,
				702DE77E1EDA781F002C9F18 /* ViewController.swift */,
				702DE7801EDA781F002C9F18 /* Main.storyboard */,
				702DE7831EDA781F002C9F18 /* Assets.xcassets */,
				702DE7851EDA781F002C9F18 /* LaunchScreen.storyboard */,
				702DE7881EDA781F002C9F18 /* Info.plist */,
			);
			path = "0x0.st Uploader";
			sourceTree = "<group>";
		};
		702DE7901EDA781F002C9F18 /* 0x0.st UploaderTests */ = {
			isa = PBXGroup;
			children = (
				702DE7911EDA781F002C9F18 /* _x0_st_UploaderTests.swift */,
				702DE7931EDA781F002C9F18 /* Info.plist */,
			);
			path = "0x0.st UploaderTests";
			sourceTree = "<group>";
		};
		702DE79B1EDA781F002C9F18 /* 0x0.st UploaderUITests */ = {
			isa = PBXGroup;
			children = (
				702DE79C1EDA781F002C9F18 /* _x0_st_UploaderUITests.swift */,
				702DE79E1EDA781F002C9F18 /* Info.plist */,
			);
			path = "0x0.st UploaderUITests";
			sourceTree = "<group>";
		};
/* End PBXGroup section */

/* Begin PBXNativeTarget section */
		702DE7781EDA781F002C9F18 /* 0x0.st Uploader */ = {
			isa = PBXNativeTarget;
			buildConfigurationList = 702DE7A11EDA781F002C9F18 /* Build configuration list for PBXNativeTarget "0x0.st Uploader" */;
			buildPhases = (
				702DE7751EDA781F002C9F18 /* Sources */,
				702DE7761EDA781F002C9F18 /* Frameworks */,
				702DE7771EDA781F002C9F18 /* Resources */,
			);
			buildRules = (
			);
			dependencies = (
			);
			name = "0x0.st Uploader";
			productName = "0x0.st Uploader";
			productReference = 702DE7791EDA781F002C9F18 /* 0x0.st Uploader.app */;
			productType = "com.apple.product-type.application";
		};
		702DE78C1EDA781F002C9F18 /* 0x0.st UploaderTests */ = {
			isa = PBXNativeTarget;
			buildConfigurationList = 702DE7A41EDA781F002C9F18 /* Build configuration list for PBXNativeTarget "0x0.st UploaderTests" */;
			buildPhases = (
				702DE7891EDA781F002C9F18 /* Sources */,
				702DE78A1EDA781F002C9F18 /* Frameworks */,
				702DE78B1EDA781F002C9F18 /* Resources */,
			);
			buildRules = (
			);
			dependencies = (
				702DE78F1EDA781F002C9F18 /* PBXTargetDependency */,
			);
			name = "0x0.st UploaderTests";
			productName = "0x0.st UploaderTests";
			productReference = 702DE78D1EDA781F002C9F18 /* 0x0.st UploaderTests.xctest */;
			productType = "com.apple.product-type.bundle.unit-test";
		};
		702DE7971EDA781F002C9F18 /* 0x0.st UploaderUITests */ = {
			isa = PBXNativeTarget;
			buildConfigurationList = 702DE7A71EDA781F002C9F18 /* Build configuration list for PBXNativeTarget "0x0.st UploaderUITests" */;
			buildPhases = (
				702DE7941EDA781F002C9F18 /* Sources */,
				702DE7951EDA781F002C9F18 /* Frameworks */,
				702DE7961EDA781F002C9F18 /* Resources */,
			);
			buildRules = (
			);
			dependencies = (
				702DE79A1EDA781F002C9F18 /* PBXTargetDependency */,
			);
			name = "0x0.st UploaderUITests";
			productName = "0x0.st UploaderUITests";
			productReference = 702DE7981EDA781F002C9F18 /* 0x0.st UploaderUITests.xctest */;
			productType = "com.apple.product-type.bundle.ui-testing";
		};
/* End PBXNativeTarget section */

/* Begin PBXProject section */
		702DE7711EDA781F002C9F18 /* Project object */ = {
			isa = PBXProject;
			attributes = {
				LastSwiftUpdateCheck = 0830;
				LastUpgradeCheck = 0830;
				ORGANIZATIONNAME = "Alec Potluri";
				TargetAttributes = {
					702DE7781EDA781F002C9F18 = {
						CreatedOnToolsVersion = 8.3.2;
						ProvisioningStyle = Automatic;
					};
					702DE78C1EDA781F002C9F18 = {
						CreatedOnToolsVersion = 8.3.2;
						ProvisioningStyle = Automatic;
						TestTargetID = 702DE7781EDA781F002C9F18;
					};
					702DE7971EDA781F002C9F18 = {
						CreatedOnToolsVersion = 8.3.2;
						ProvisioningStyle = Automatic;
						TestTargetID = 702DE7781EDA781F002C9F18;
					};
				};
			};
			buildConfigurationList = 702DE7741EDA781F002C9F18 /* Build configuration list for PBXProject "0x0.st Uploader" */;
			compatibilityVersion = "Xcode 3.2";
			developmentRegion = English;
			hasScannedForEncodings = 0;
			knownRegions = (
				en,
				Base,
			);
			mainGroup = 702DE7701EDA781F002C9F18;
			productRefGroup = 702DE77A1EDA781F002C9F18 /* Products */;
			projectDirPath = "";
			projectRoot = "";
			targets = (
				702DE7781EDA781F002C9F18 /* 0x0.st Uploader */,
				702DE78C1EDA781F002C9F18 /* 0x0.st UploaderTests */,
				702DE7971EDA781F002C9F18 /* 0x0.st UploaderUITests */,
			);
		};
/* End PBXProject section */

/* Begin PBXResourcesBuildPhase section */
		702DE7771EDA781F002C9F18 /* Resources */ = {
			isa = PBXResourcesBuildPhase;
			buildActionMask = 2147483647;
			files = (
				702DE7871EDA781F002C9F18 /* LaunchScreen.storyboard in Resources */,
				702DE7841EDA781F002C9F18 /* Assets.xcassets in Resources */,
				702DE7821EDA781F002C9F18 /* Main.storyboard in Resources */,
			);
			runOnlyForDeploymentPostprocessing = 0;
		};
		702DE78B1EDA781F002C9F18 /* Resources */ = {
			isa = PBXResourcesBuildPhase;
			buildActionMask = 2147483647;
			files = (
			);
			runOnlyForDeploymentPostprocessing = 0;
		};
		702DE7961EDA781F002C9F18 /* Resources */ = {
			isa = PBXResourcesBuildPhase;
			buildActionMask = 2147483647;
			files = (
			);
			runOnlyForDeploymentPostprocessing = 0;
		};
/* End PBXResourcesBuildPhase section */

/* Begin PBXSourcesBuildPhase section */
		702DE7751EDA781F002C9F18 /* Sources */ = {
			isa = PBXSourcesBuildPhase;
			buildActionMask = 2147483647;
			files = (
				702DE77F1EDA781F002C9F18 /* ViewController.swift in Sources */,
				702DE77D1EDA781F002C9F18 /* AppDelegate.swift in Sources */,
			);
			runOnlyForDeploymentPostprocessing = 0;
		};
		702DE7891EDA781F002C9F18 /* Sources */ = {
			isa = PBXSourcesBuildPhase;
			buildActionMask = 2147483647;
			files = (
				702DE7921EDA781F002C9F18 /* _x0_st_UploaderTests.swift in Sources */,
			);
			runOnlyForDeploymentPostprocessing = 0;
		};
		702DE7941EDA781F002C9F18 /* Sources */ = {
			isa = PBXSourcesBuildPhase;
			buildActionMask = 2147483647;
			files = (
				702DE79D1EDA781F002C9F18 /* _x0_st_UploaderUITests.swift in Sources */,
			);
			runOnlyForDeploymentPostprocessing = 0;
		};
/* End PBXSourcesBuildPhase section */

/* Begin PBXTargetDependency section */
		702DE78F1EDA781F002C9F18 /* PBXTargetDependency */ = {
			isa = PBXTargetDependency;
			target = 702DE7781EDA781F002C9F18 /* 0x0.st Uploader */;
			targetProxy = 702DE78E1EDA781F002C9F18 /* PBXContainerItemProxy */;
		};
		702DE79A1EDA781F002C9F18 /* PBXTargetDependency */ = {
			isa = PBXTargetDependency;
			target = 702DE7781EDA781F002C9F18 /* 0x0.st Uploader */;
			targetProxy = 702DE7991EDA781F002C9F18 /* PBXContainerItemProxy */;
		};
/* End PBXTargetDependency section */

/* Begin PBXVariantGroup section */
		702DE7801EDA781F002C9F18 /* Main.storyboard */ = {
			isa = PBXVariantGroup;
			children = (
				702DE7811EDA781F002C9F18 /* Base */,
			);
			name = Main.storyboard;
			sourceTree = "<group>";
		};
		702DE7851EDA781F002C9F18 /* LaunchScreen.storyboard */ = {
			isa = PBXVariantGroup;
			children = (
				702DE7861EDA781F002C9F18 /* Base */,
			);
			name = LaunchScreen.storyboard;
			sourceTree = "<group>";
		};
/* End PBXVariantGroup section */

/* Begin XCBuildConfiguration section */
		702DE79F1EDA781F002C9F18 /* Debug */ = {
			isa = XCBuildConfiguration;
			buildSettings = {
				ALWAYS_SEARCH_USER_PATHS = NO;
				CLANG_ANALYZER_NONNULL = YES;
				CLANG_ANALYZER_NUMBER_OBJECT_CONVERSION = YES_AGGRESSIVE;
				CLANG_CXX_LANGUAGE_STANDARD = "gnu++0x";
				CLANG_CXX_LIBRARY = "libc++";
				CLANG_ENABLE_MODULES = YES;
				CLANG_ENABLE_OBJC_ARC = YES;
				CLANG_WARN_BOOL_CONVERSION = YES;
				CLANG_WARN_CONSTANT_CONVERSION = YES;
				CLANG_WARN_DIRECT_OBJC_ISA_USAGE = YES_ERROR;
				CLANG_WARN_DOCUMENTATION_COMMENTS = YES;
				CLANG_WARN_EMPTY_BODY = YES;
				CLANG_WARN_ENUM_CONVERSION = YES;
				CLANG_WARN_INFINITE_RECURSION = YES;
				CLANG_WARN_INT_CONVERSION = YES;
				CLANG_WARN_OBJC_ROOT_CLASS = YES_ERROR;
				CLANG_WARN_SUSPICIOUS_MOVE = YES;
				CLANG_WARN_UNREACHABLE_CODE = YES;
				CLANG_WARN__DUPLICATE_METHOD_MATCH = YES;
				"CODE_SIGN_IDENTITY[sdk=iphoneos*]" = "iPhone Developer";
				COPY_PHASE_STRIP = NO;
				DEBUG_INFORMATION_FORMAT = dwarf;
				ENABLE_STRICT_OBJC_MSGSEND = YES;
				ENABLE_TESTABILITY = YES;
				GCC_C_LANGUAGE_STANDARD = gnu99;
				GCC_DYNAMIC_NO_PIC = NO;
				GCC_NO_COMMON_BLOCKS = YES;
				GCC_OPTIMIZATION_LEVEL = 0;
				GCC_PREPROCESSOR_DEFINITIONS = (
					"DEBUG=1",
					"$(inherited)",
				);
				GCC_WARN_64_TO_32_BIT_CONVERSION = YES;
				GCC_WARN_ABOUT_RETURN_TYPE = YES_ERROR;
				GCC_WARN_UNDECLARED_SELECTOR = YES;
				GCC_WARN_UNINITIALIZED_AUTOS = YES_AGGRESSIVE;
				GCC_WARN_UNUSED_FUNCTION = YES;
				GCC_WARN_UNUSED_VARIABLE = YES;
				IPHONEOS_DEPLOYMENT_TARGET = 10.3;
				MTL_ENABLE_DEBUG_INFO = YES;
				ONLY_ACTIVE_ARCH = YES;
				SDKROOT = iphoneos;
				SWIFT_ACTIVE_COMPILATION_CONDITIONS = DEBUG;
				SWIFT_OPTIMIZATION_LEVEL = "-Onone";
				TARGETED_DEVICE_FAMILY = "1,2";
			};
			name = Debug;
		};
		702DE7A01EDA781F002C9F18 /* Release */ = {
			isa = XCBuildConfiguration;
			buildSettings = {
				ALWAYS_SEARCH_USER_PATHS = NO;
				CLANG_ANALYZER_NONNULL = YES;
				CLANG_ANALYZER_NUMBER_OBJECT_CONVERSION = YES_AGGRESSIVE;
				CLANG_CXX_LANGUAGE_STANDARD = "gnu++0x";
				CLANG_CXX_LIBRARY = "libc++";
				CLANG_ENABLE_MODULES = YES;
				CLANG_ENABLE_OBJC_ARC = YES;
				CLANG_WARN_BOOL_CONVERSION = YES;
				CLANG_WARN_CONSTANT_CONVERSION = YES;
				CLANG_WARN_DIRECT_OBJC_ISA_USAGE = YES_ERROR;
				CLANG_WARN_DOCUMENTATION_COMMENTS = YES;
				CLANG_WARN_EMPTY_BODY = YES;
				CLANG_WARN_ENUM_CONVERSION = YES;
				CLANG_WARN_INFINITE_RECURSION = YES;
				CLANG_WARN_INT_CONVERSION = YES;
				CLANG_WARN_OBJC_ROOT_CLASS = YES_ERROR;
				CLANG_WARN_SUSPICIOUS_MOVE = YES;
				CLANG_WARN_UNREACHABLE_CODE = YES;
				CLANG_WARN__DUPLICATE_METHOD_MATCH = YES;
				"CODE_SIGN_IDENTITY[sdk=iphoneos*]" = "iPhone Developer";
				COPY_PHASE_STRIP = NO;
				DEBUG_INFORMATION_FORMAT = "dwarf-with-dsym";
				ENABLE_NS_ASSERTIONS = NO;
				ENABLE_STRICT_OBJC_MSGSEND = YES;
				GCC_C_LANGUAGE_STANDARD = gnu99;
				GCC_NO_COMMON_BLOCKS = YES;
				GCC_WARN_64_TO_32_BIT_CONVERSION = YES;
				GCC_WARN_ABOUT_RETURN_TYPE = YES_ERROR;
				GCC_WARN_UNDECLARED_SELECTOR = YES;
				GCC_WARN_UNINITIALIZED_AUTOS = YES_AGGRESSIVE;
				GCC_WARN_UNUSED_FUNCTION = YES;
				GCC_WARN_UNUSED_VARIABLE = YES;
				IPHONEOS_DEPLOYMENT_TARGET = 10.3;
				MTL_ENABLE_DEBUG_INFO = NO;
				SDKROOT = iphoneos;
				SWIFT_OPTIMIZATION_LEVEL = "-Owholemodule";
				TARGETED_DEVICE_FAMILY = "1,2";
				VALIDATE_PRODUCT = YES;
			};
			name = Release;
		};
		702DE7A21EDA781F002C9F18 /* Debug */ = {
			isa = XCBuildConfiguration;
			buildSettings = {
				ASSETCATALOG_COMPILER_APPICON_NAME = AppIcon;
				INFOPLIST_FILE = "0x0.st Uploader/Info.plist";
				LD_RUNPATH_SEARCH_PATHS = "$(inherited) @executable_path/Frameworks";
				PRODUCT_BUNDLE_IDENTIFIER = "alecpotluri.-x0-st-Uploader";
				PRODUCT_NAME = "$(TARGET_NAME)";
				SWIFT_VERSION = 3.0;
			};
			name = Debug;
		};
		702DE7A31EDA781F002C9F18 /* Release */ = {
			isa = XCBuildConfiguration;
			buildSettings = {
				ASSETCATALOG_COMPILER_APPICON_NAME = AppIcon;
				INFOPLIST_FILE = "0x0.st Uploader/Info.plist";
				LD_RUNPATH_SEARCH_PATHS = "$(inherited) @executable_path/Frameworks";
				PRODUCT_BUNDLE_IDENTIFIER = "alecpotluri.-x0-st-Uploader";
				PRODUCT_NAME = "$(TARGET_NAME)";
				SWIFT_VERSION = 3.0;
			};
			name = Release;
		};
		702DE7A51EDA781F002C9F18 /* Debug */ = {
			isa = XCBuildConfiguration;
			buildSettings = {
				ALWAYS_EMBED_SWIFT_STANDARD_LIBRARIES = YES;
				BUNDLE_LOADER = "$(TEST_HOST)";
				INFOPLIST_FILE = "0x0.st UploaderTests/Info.plist";
				LD_RUNPATH_SEARCH_PATHS = "$(inherited) @executable_path/Frameworks @loader_path/Frameworks";
				PRODUCT_BUNDLE_IDENTIFIER = "alecpotluri.-x0-st-UploaderTests";
				PRODUCT_NAME = "$(TARGET_NAME)";
				SWIFT_VERSION = 3.0;
				TEST_HOST = "$(BUILT_PRODUCTS_DIR)/0x0.st Uploader.app/0x0.st Uploader";
			};
			name = Debug;
		};
		702DE7A61EDA781F002C9F18 /* Release */ = {
			isa = XCBuildConfiguration;
			buildSettings = {
				ALWAYS_EMBED_SWIFT_STANDARD_LIBRARIES = YES;
				BUNDLE_LOADER = "$(TEST_HOST)";
				INFOPLIST_FILE = "0x0.st UploaderTests/Info.plist";
				LD_RUNPATH_SEARCH_PATHS = "$(inherited) @executable_path/Frameworks @loader_path/Frameworks";
				PRODUCT_BUNDLE_IDENTIFIER = "alecpotluri.-x0-st-UploaderTests";
				PRODUCT_NAME = "$(TARGET_NAME)";
				SWIFT_VERSION = 3.0;
				TEST_HOST = "$(BUILT_PRODUCTS_DIR)/0x0.st Uploader.app/0x0.st Uploader";
			};
			name = Release;
		};
		702DE7A81EDA781F002C9F18 /* Debug */ = {
			isa = XCBuildConfiguration;
			buildSettings = {
				ALWAYS_EMBED_SWIFT_STANDARD_LIBRARIES = YES;
				INFOPLIST_FILE = "0x0.st UploaderUITests/Info.plist";
				LD_RUNPATH_SEARCH_PATHS = "$(inherited) @executable_path/Frameworks @loader_path/Frameworks";
				PRODUCT_BUNDLE_IDENTIFIER = "alecpotluri.-x0-st-UploaderUITests";
				PRODUCT_NAME = "$(TARGET_NAME)";
				SWIFT_VERSION = 3.0;
				TEST_TARGET_NAME = "0x0.st Uploader";
			};
			name = Debug;
		};
		702DE7A91EDA781F002C9F18 /* Release */ = {
			isa = XCBuildConfiguration;
			buildSettings = {
				ALWAYS_EMBED_SWIFT_STANDARD_LIBRARIES = YES;
				INFOPLIST_FILE = "0x0.st UploaderUITests/Info.plist";
				LD_RUNPATH_SEARCH_PATHS = "$(inherited) @executable_path/Frameworks @loader_path/Frameworks";
				PRODUCT_BUNDLE_IDENTIFIER = "alecpotluri.-x0-st-UploaderUITests";
				PRODUCT_NAME = "$(TARGET_NAME)";
				SWIFT_VERSION = 3.0;
				TEST_TARGET_NAME = "0x0.st Uploader";
			};
			name = Release;
		};
/* End XCBuildConfiguration section */

/* Begin XCConfigurationList section */
		702DE7741EDA781F002C9F18 /* Build configuration list for PBXProject "0x0.st Uploader" */ = {
			isa = XCConfigurationList;
			buildConfigurations = (
				702DE79F1EDA781F002C9F18 /* Debug */,
				702DE7A01EDA781F002C9F18 /* Release */,
			);
			defaultConfigurationIsVisible = 0;
			defaultConfigurationName = Release;
		};
		702DE7A11EDA781F002C9F18 /* Build configuration list for PBXNativeTarget "0x0.st Uploader" */ = {
			isa = XCConfigurationList;
			buildConfigurations = (
				702DE7A21EDA781F002C9F18 /* Debug */,
				702DE7A31EDA781F002C9F18 /* Release */,
			);
			defaultConfigurationIsVisible = 0;
		};
		702DE7A41EDA781F002C9F18 /* Build configuration list for PBXNativeTarget "0x0.st UploaderTests" */ = {
			isa = XCConfigurationList;
			buildConfigurations = (
				702DE7A51EDA781F002C9F18 /* Debug */,
				702DE7A61EDA781F002C9F18 /* Release */,
			);
			defaultConfigurationIsVisible = 0;
		};
		702DE7A71EDA781F002C9F18 /* Build configuration list for PBXNativeTarget "0x0.st UploaderUITests" */ = {
			isa = XCConfigurationList;
			buildConfigurations = (
				702DE7A81EDA781F002C9F18 /* Debug */,
				702DE7A91EDA781F002C9F18 /* Release */,
			);
			defaultConfigurationIsVisible = 0;
		};
/* End XCConfigurationList section */
	};
	rootObject = 702DE7711EDA781F002C9F18 /* Project object */;
}
